{
    "name": "deadlock",
    "version": "1.0.0",
    "lockfileVersion": 2,
    "requires": true,
    "packages": {
        "": {
            "name": "deadlock",
            "version": "1.0.0",
            "devDependencies": {
                "@minecraft/server": "^1.0.0-beta.11940b24",
                "@minecraft/server-gametest": "^1.0.0-beta.11940b24",
                "@minecraft/server-ui": "^1.0.0-beta.11940b24",
                "prettier": "^2.7.1",
                "typescript": "^4.7.4"
            }
        },
        "node_modules/@minecraft/server": {
            "version": "1.0.0-beta.11940b24",
            "resolved": "https://registry.npmjs.org/@minecraft/server/-/server-1.0.0-beta.11940b24.tgz",
            "integrity": "sha512-1d5hXQ/g+kWvpoWiQ/IInxTeOxM6RECQ2+l3bR4AmmZ58NRq4pPYevaEvhVs06yKeM/3FmSPVqBu1/Lr6gN1Rg==",
            "dev": true
        },
        "node_modules/@minecraft/server-gametest": {
            "version": "1.0.0-beta.11940b24",
            "resolved": "https://registry.npmjs.org/@minecraft/server-gametest/-/server-gametest-1.0.0-beta.11940b24.tgz",
            "integrity": "sha512-TOecKhn3degu829tLYix5jlX2SN2u8xR7zA3YIzjN3WVdvPyrjr/tEKbkztf1gdmYgvm7aBu9gT3riSulz2jBw==",
            "dev": true,
            "dependencies": {
                "@minecraft/server": "1.0.0-beta.11940b24"
            }
        },
        "node_modules/@minecraft/server-ui": {
            "version": "1.0.0-beta.11940b24",
            "resolved": "https://registry.npmjs.org/@minecraft/server-ui/-/server-ui-1.0.0-beta.11940b24.tgz",
            "integrity": "sha512-/E4FKC5Wv5ALExzfT0L45xyawQGAwlRn9W5cs5GmvaTMVwndAcWF39oAcsQcsn/hKEpMzuVFsSIao/pm00+Cgg==",
            "dev": true,
            "dependencies": {
                "@minecraft/server": "1.0.0-beta.11940b24"
            }
        },
        "node_modules/prettier": {
            "version": "2.7.1",
            "resolved": "https://registry.npmjs.org/prettier/-/prettier-2.7.1.tgz",
            "integrity": "sha512-ujppO+MkdPqoVINuDFDRLClm7D78qbDt0/NR+wp5FqEZOoTNAjPHWj17QRhu7geIHJfcNhRk1XVQmF8Bp3ye+g==",
            "dev": true,
            "bin": {
                "prettier": "bin-prettier.js"
            },
            "engines": {
                "node": ">=10.13.0"
            },
            "funding": {
                "url": "https://github.com/prettier/prettier?sponsor=1"
            }
        },
        "node_modules/typescript": {
            "version": "4.8.3",
            "resolved": "https://registry.npmjs.org/typescript/-/typescript-4.8.3.tgz",
            "integrity": "sha512-goMHfm00nWPa8UvR/CPSvykqf6dVV8x/dp0c5mFTMTIu0u0FlGWRioyy7Nn0PGAdHxpJZnuO/ut+PpQ8UiHAig==",
            "dev": true,
            "bin": {
                "tsc": "bin/tsc",
                "tsserver": "bin/tsserver"
            },
            "engines": {
                "node": ">=4.2.0"
            }
        }
    },
    "dependencies": {
        "@minecraft/server": {
            "version": "1.0.0-beta.11940b24",
            "resolved": "https://registry.npmjs.org/@minecraft/server/-/server-1.0.0-beta.11940b24.tgz",
            "integrity": "sha512-1d5hXQ/g+kWvpoWiQ/IInxTeOxM6RECQ2+l3bR4AmmZ58NRq4pPYevaEvhVs06yKeM/3FmSPVqBu1/Lr6gN1Rg==",
            "dev": true
        },
        "@minecraft/server-gametest": {
            "version": "1.0.0-beta.11940b24",
            "resolved": "https://registry.npmjs.org/@minecraft/server-gametest/-/server-gametest-1.0.0-beta.11940b24.tgz",
            "integrity": "sha512-TOecKhn3degu829tLYix5jlX2SN2u8xR7zA3YIzjN3WVdvPyrjr/tEKbkztf1gdmYgvm7aBu9gT3riSulz2jBw==",
            "dev": true,
            "requires": {
                "@minecraft/server": "1.0.0-beta.11940b24"
            }
        },
        "@minecraft/server-ui": {
            "version": "1.0.0-beta.11940b24",
            "resolved": "https://registry.npmjs.org/@minecraft/server-ui/-/server-ui-1.0.0-beta.11940b24.tgz",
            "integrity": "sha512-/E4FKC5Wv5ALExzfT0L45xyawQGAwlRn9W5cs5GmvaTMVwndAcWF39oAcsQcsn/hKEpMzuVFsSIao/pm00+Cgg==",
            "dev": true,
            "requires": {
                "@minecraft/server": "1.0.0-beta.11940b24"
            }
        },
        "prettier": {
            "version": "2.7.1",
            "resolved": "https://registry.npmjs.org/prettier/-/prettier-2.7.1.tgz",
            "integrity": "sha512-ujppO+MkdPqoVINuDFDRLClm7D78qbDt0/NR+wp5FqEZOoTNAjPHWj17QRhu7geIHJfcNhRk1XVQmF8Bp3ye+g==",
            "dev": true
        },
        "typescript": {
            "version": "4.8.3",
            "resolved": "https://registry.npmjs.org/typescript/-/typescript-4.8.3.tgz",
            "integrity": "sha512-goMHfm00nWPa8UvR/CPSvykqf6dVV8x/dp0c5mFTMTIu0u0FlGWRioyy7Nn0PGAdHxpJZnuO/ut+PpQ8UiHAig==",
            "dev": true
        }
    }
}
